{
  "name": "cotiza-pc",
  "lockfileVersion": 3,
  "requires": true,
  "packages": {
    "": {
      "devDependencies": {
        "baseline-browser-mapping": "^2.11.7"
      }
    },
    "node_modules/baseline-browser-mapping": {
      "version": "2.11.7",
      "resolved": "https://registry.npmjs.org/baseline-browser-mapping/-/baseline-browser-mapping-2.11.7.tgz",
      "integrity": "sha512-APw5YuIQAg6L9w4sHDI6j26DGFJI6RpYOhnkMPdC9lWbkKvsyPHzDsve1yd73lk21yz7Y09Kci8B2Pp9FonzWA==",
      "dev": true,
      "license": "Apache-2.0",
      "bin": {
        "baseline-browser-mapping": "dist/cli.cjs"
      },
      "engines": {
        "node": ">=6.0.0"
      }
    }
  }
}
